
Microsoft Visual Studio Solution File, Format Version 12.00
# Visual Studio Version 17
VisualStudioVersion = 17.11.35327.3
MinimumVisualStudioVersion = 10.0.40219.1
Project("{888888A0-9F3D-457C-B088-3A5042F75D52}") = "hamshahri", "hamshahri\hamshahri.pyproj", "{7CD38E7B-0791-41CA-B644-3DD650C90A09}"
EndProject
Global
	GlobalSection(SolutionConfigurationPlatforms) = preSolution
		Debug|Any CPU = Debug|Any CPU
		Release|Any CPU = Release|Any CPU
	EndGlobalSection
	GlobalSection(ProjectConfigurationPlatforms) = postSolution
		{7CD38E7B-0791-41CA-B644-3DD650C90A09}.Debug|Any CPU.ActiveCfg = Debug|Any CPU
		{7CD38E7B-0791-41CA-B644-3DD650C90A09}.Release|Any CPU.ActiveCfg = Release|Any CPU
	EndGlobalSection
	GlobalSection(SolutionProperties) = preSolution
		HideSolutionNode = FALSE
	EndGlobalSection
	GlobalSection(ExtensibilityGlobals) = postSolution
		SolutionGuid = {A62485D1-4436-4FAB-AB78-D8C4D66A29ED}
	EndGlobalSection
EndGlobal
